{
    "_readme": [
        "This file locks the dependencies of your project to a known state",
        "Read more about it at http://getcomposer.org/doc/01-basic-usage.md#composer-lock-the-lock-file",
        "This file is @generated automatically"
    ],
    "hash": "56a392c6cdcc9343c3bb93bf900d1ab6",
    "packages": [
        {
            "name": "rackem/rackem",
            "version": "0.4.10",
            "source": {
                "type": "git",
                "url": "https://github.com/tamagokun/rackem.git",
                "reference": "39ea834f65c641ca4489774e8149a97e01ce8349"
            },
            "dist": {
                "type": "zip",
                "url": "https://api.github.com/repos/tamagokun/rackem/zipball/39ea834f65c641ca4489774e8149a97e01ce8349",
                "reference": "39ea834f65c641ca4489774e8149a97e01ce8349",
                "shasum": ""
            },
            "require": {
                "php": ">=5.3.0"
            },
            "require-dev": {
                "phpspec/phpspec2": "dev-master"
            },
            "bin": [
                "bin/rackem"
            ],
            "type": "library",
            "autoload": {
                "psr-0": {
                    "Rackem": "lib"
                }
            },
            "notification-url": "https://packagist.org/downloads/",
            "license": [
                "MIT"
            ],
            "authors": [
                {
                    "name": "Mike Kruk",
                    "email": "mike@ripeworks.com",
                    "homepage": "http://ripeworks.com"
                }
            ],
            "description": "Rack for PHP",
            "homepage": "http://github.com/tamagokun/rackem",
            "keywords": [
                "http",
                "interface",
                "middleware",
                "rack",
                "webserver"
            ],
            "time": "2014-04-01 19:57:01"
        }
    ],
    "packages-dev": [],
    "aliases": [],
    "minimum-stability": "stable",
    "stability-flags": {
        "rackem/rackem": 0
    },
    "platform": {
        "php": ">=5.3.0"
    },
    "platform-dev": []
}
